
Microsoft Visual Studio Solution File, Format Version 12.00
# Visual Studio Version 17
VisualStudioVersion = 17.6.33829.357
MinimumVisualStudioVersion = 10.0.40219.1
Project("{FAE04EC0-301F-11D3-BF4B-00C04F79EFBC}") = "NewBankingingApp", "NewBankingingApp\NewBankingingApp.csproj", "{F84BF799-5AC1-4BDE-B161-17AAC09A526C}"
EndProject
Global
	GlobalSection(SolutionConfigurationPlatforms) = preSolution
		Debug|Any CPU = Debug|Any CPU
		Release|Any CPU = Release|Any CPU
	EndGlobalSection
	GlobalSection(ProjectConfigurationPlatforms) = postSolution
		{F84BF799-5AC1-4BDE-B161-17AAC09A526C}.Debug|Any CPU.ActiveCfg = Debug|Any CPU
		{F84BF799-5AC1-4BDE-B161-17AAC09A526C}.Debug|Any CPU.Build.0 = Debug|Any CPU
		{F84BF799-5AC1-4BDE-B161-17AAC09A526C}.Release|Any CPU.ActiveCfg = Release|Any CPU
		{F84BF799-5AC1-4BDE-B161-17AAC09A526C}.Release|Any CPU.Build.0 = Release|Any CPU
	EndGlobalSection
	GlobalSection(SolutionProperties) = preSolution
		HideSolutionNode = FALSE
	EndGlobalSection
	GlobalSection(ExtensibilityGlobals) = postSolution
		SolutionGuid = {52FD29C0-BBC2-4DC1-92FE-840AAB154A7D}
	EndGlobalSection
EndGlobal
